
Microsoft Visual Studio Solution File, Format Version 12.00
Project("{FAE04EC0-301F-11D3-BF4B-00C04F79EFBC}") = "tddd49", "tddd49\tddd49.csproj", "{F28625AF-3456-476C-ADBC-9E40E2296676}"
EndProject
Global
	GlobalSection(SolutionConfigurationPlatforms) = preSolution
		Debug|Any CPU = Debug|Any CPU
		Release|Any CPU = Release|Any CPU
	EndGlobalSection
	GlobalSection(ProjectConfigurationPlatforms) = postSolution
		{F28625AF-3456-476C-ADBC-9E40E2296676}.Debug|Any CPU.ActiveCfg = Debug|Any CPU
		{F28625AF-3456-476C-ADBC-9E40E2296676}.Debug|Any CPU.Build.0 = Debug|Any CPU
		{F28625AF-3456-476C-ADBC-9E40E2296676}.Release|Any CPU.ActiveCfg = Release|Any CPU
		{F28625AF-3456-476C-ADBC-9E40E2296676}.Release|Any CPU.Build.0 = Release|Any CPU
	EndGlobalSection
EndGlobal
